
Microsoft Visual Studio Solution File, Format Version 12.00
# Visual Studio Version 17
VisualStudioVersion = 17.9.34701.34
MinimumVisualStudioVersion = 10.0.40219.1
Project("{FAE04EC0-301F-11D3-BF4B-00C04F79EFBC}") = "calculadora", "calculadora\calculadora.csproj", "{29CC6B8B-DAAE-4041-82E0-7BE6315F0350}"
EndProject
Global
	GlobalSection(SolutionConfigurationPlatforms) = preSolution
		Debug|Any CPU = Debug|Any CPU
		Release|Any CPU = Release|Any CPU
	EndGlobalSection
	GlobalSection(ProjectConfigurationPlatforms) = postSolution
		{29CC6B8B-DAAE-4041-82E0-7BE6315F0350}.Debug|Any CPU.ActiveCfg = Debug|Any CPU
		{29CC6B8B-DAAE-4041-82E0-7BE6315F0350}.Debug|Any CPU.Build.0 = Debug|Any CPU
		{29CC6B8B-DAAE-4041-82E0-7BE6315F0350}.Release|Any CPU.ActiveCfg = Release|Any CPU
		{29CC6B8B-DAAE-4041-82E0-7BE6315F0350}.Release|Any CPU.Build.0 = Release|Any CPU
	EndGlobalSection
	GlobalSection(SolutionProperties) = preSolution
		HideSolutionNode = FALSE
	EndGlobalSection
	GlobalSection(ExtensibilityGlobals) = postSolution
		SolutionGuid = {4AE8A935-2912-4F72-A6E3-E230F3F3871C}
	EndGlobalSection
EndGlobal
